// !$*UTF8*$!
{
	archiveVersion = 1;
	classes = {
	};
	objectVersion = 54;
	objects = {

/* Begin PBXBuildFile section */
		AE050A0D277B833C00E696F6 /* AppDelegate.swift in Sources */ = {isa = PBXBuildFile; fileRef = AE050A0C277B833C00E696F6 /* AppDelegate.swift */; };
		AE050A0F277B833C00E696F6 /* ViewController.swift in Sources */ = {isa = PBXBuildFile; fileRef = AE050A0E277B833C00E696F6 /* ViewController.swift */; };
		AE050A11277B833D00E696F6 /* Assets.xcassets in Resources */ = {isa = PBXBuildFile; fileRef = AE050A10277B833D00E696F6 /* Assets.xcassets */; };
		AE050A14277B833D00E696F6 /* Main.storyboard in Resources */ = {isa = PBXBuildFile; fileRef = AE050A12277B833D00E696F6 /* Main.storyboard */; };
		AE050A1C277B859800E696F6 /* Player.swift in Sources */ = {isa = PBXBuildFile; fileRef = AE050A1B277B859800E696F6 /* Player.swift */; };
		AE66DF262781416200384838 /* ClickableLabel.swift in Sources */ = {isa = PBXBuildFile; fileRef = AE66DF252781416200384838 /* ClickableLabel.swift */; };
		AE66DF2927820BA400384838 /* Sparkle in Frameworks */ = {isa = PBXBuildFile; productRef = AE66DF2827820BA400384838 /* Sparkle */; };
		AE9DF24D277E20D50065A648 /* Model.swift in Sources */ = {isa = PBXBuildFile; fileRef = AE9DF24C277E20D50065A648 /* Model.swift */; };
		AE9DF254277E2D560065A648 /* trailerViewItem.swift in Sources */ = {isa = PBXBuildFile; fileRef = AE9DF252277E2D560065A648 /* trailerViewItem.swift */; };
		AE9DF255277E2D560065A648 /* trailerViewItem.xib in Resources */ = {isa = PBXBuildFile; fileRef = AE9DF253277E2D560065A648 /* trailerViewItem.xib */; };
		AEC1E1B6277BACC90084C4C4 /* Trailer.swift in Sources */ = {isa = PBXBuildFile; fileRef = AEC1E1B5277BACC90084C4C4 /* Trailer.swift */; };
		AEC1E1B9277CC8B90084C4C4 /* SWXMLHash in Frameworks */ = {isa = PBXBuildFile; productRef = AEC1E1B8277CC8B90084C4C4 /* SWXMLHash */; };
/* End PBXBuildFile section */

/* Begin PBXFileReference section */
		AE050A09277B833C00E696F6 /* MovieTrailers.app */ = {isa = PBXFileReference; explicitFileType = wrapper.application; includeInIndex = 0; path = MovieTrailers.app; sourceTree = BUILT_PRODUCTS_DIR; };
		AE050A0C277B833C00E696F6 /* AppDelegate.swift */ = {isa = PBXFileReference; lastKnownFileType = sourcecode.swift; path = AppDelegate.swift; sourceTree = "<group>"; };
		AE050A0E277B833C00E696F6 /* ViewController.swift */ = {isa = PBXFileReference; lastKnownFileType = sourcecode.swift; path = ViewController.swift; sourceTree = "<group>"; };
		AE050A10277B833D00E696F6 /* Assets.xcassets */ = {isa = PBXFileReference; lastKnownFileType = folder.assetcatalog; path = Assets.xcassets; sourceTree = "<group>"; };
		AE050A13277B833D00E696F6 /* Base */ = {isa = PBXFileReference; lastKnownFileType = file.storyboard; name = Base; path = Base.lproj/Main.storyboard; sourceTree = "<group>"; };
		AE050A15277B833D00E696F6 /* Movies.entitlements */ = {isa = PBXFileReference; lastKnownFileType = text.plist.entitlements; path = Movies.entitlements; sourceTree = "<group>"; };
		AE050A1B277B859800E696F6 /* Player.swift */ = {isa = PBXFileReference; lastKnownFileType = sourcecode.swift; path = Player.swift; sourceTree = "<group>"; };
		AE66DF252781416200384838 /* ClickableLabel.swift */ = {isa = PBXFileReference; lastKnownFileType = sourcecode.swift; path = ClickableLabel.swift; sourceTree = "<group>"; };
		AE66DF2A27820D9E00384838 /* MovieTrailers-Info.plist */ = {isa = PBXFileReference; lastKnownFileType = text.plist; path = "MovieTrailers-Info.plist"; sourceTree = "<group>"; };
		AE9DF24C277E20D50065A648 /* Model.swift */ = {isa = PBXFileReference; lastKnownFileType = sourcecode.swift; path = Model.swift; sourceTree = "<group>"; };
		AE9DF252277E2D560065A648 /* trailerViewItem.swift */ = {isa = PBXFileReference; lastKnownFileType = sourcecode.swift; path = trailerViewItem.swift; sourceTree = "<group>"; };
		AE9DF253277E2D560065A648 /* trailerViewItem.xib */ = {isa = PBXFileReference; lastKnownFileType = file.xib; path = trailerViewItem.xib; sourceTree = "<group>"; };
		AEC1E1B5277BACC90084C4C4 /* Trailer.swift */ = {isa = PBXFileReference; lastKnownFileType = sourcecode.swift; path = Trailer.swift; sourceTree = "<group>"; };
/* End PBXFileReference section */

/* Begin PBXFrameworksBuildPhase section */
		AE050A06277B833C00E696F6 /* Frameworks */ = {
			isa = PBXFrameworksBuildPhase;
			buildActionMask = 2147483647;
			files = (
				AEC1E1B9277CC8B90084C4C4 /* SWXMLHash in Frameworks */,
				AE66DF2927820BA400384838 /* Sparkle in Frameworks */,
			);
			runOnlyForDeploymentPostprocessing = 0;
		};
/* End PBXFrameworksBuildPhase section */

/* Begin PBXGroup section */
		AE050A00277B833C00E696F6 = {
			isa = PBXGroup;
			children = (
				AE66DF2A27820D9E00384838 /* MovieTrailers-Info.plist */,
				AE050A0B277B833C00E696F6 /* Movies */,
				AE050A0A277B833C00E696F6 /* Products */,
			);
			sourceTree = "<group>";
		};
		AE050A0A277B833C00E696F6 /* Products */ = {
			isa = PBXGroup;
			children = (
				AE050A09277B833C00E696F6 /* MovieTrailers.app */,
			);
			name = Products;
			sourceTree = "<group>";
		};
		AE050A0B277B833C00E696F6 /* Movies */ = {
			isa = PBXGroup;
			children = (
				AE050A0C277B833C00E696F6 /* AppDelegate.swift */,
				AE050A0E277B833C00E696F6 /* ViewController.swift */,
				AE66DF252781416200384838 /* ClickableLabel.swift */,
				AE9DF24C277E20D50065A648 /* Model.swift */,
				AE050A12277B833D00E696F6 /* Main.storyboard */,
				AEC1E1B5277BACC90084C4C4 /* Trailer.swift */,
				AE9DF252277E2D560065A648 /* trailerViewItem.swift */,
				AE9DF253277E2D560065A648 /* trailerViewItem.xib */,
				AE050A10277B833D00E696F6 /* Assets.xcassets */,
				AE050A1B277B859800E696F6 /* Player.swift */,
				AE050A15277B833D00E696F6 /* Movies.entitlements */,
			);
			path = Movies;
			sourceTree = "<group>";
		};
/* End PBXGroup section */

/* Begin PBXNativeTarget section */
		AE050A08277B833C00E696F6 /* MovieTrailers */ = {
			isa = PBXNativeTarget;
			buildConfigurationList = AE050A18277B833D00E696F6 /* Build configuration list for PBXNativeTarget "MovieTrailers" */;
			buildPhases = (
				AE050A05277B833C00E696F6 /* Sources */,
				AE050A06277B833C00E696F6 /* Frameworks */,
				AE050A07277B833C00E696F6 /* Resources */,
			);
			buildRules = (
			);
			dependencies = (
			);
			name = MovieTrailers;
			packageProductDependencies = (
				AEC1E1B8277CC8B90084C4C4 /* SWXMLHash */,
				AE66DF2827820BA400384838 /* Sparkle */,
			);
			productName = Movies;
			productReference = AE050A09277B833C00E696F6 /* MovieTrailers.app */;
			productType = "com.apple.product-type.application";
		};
/* End PBXNativeTarget section */

/* Begin PBXProject section */
		AE050A01277B833C00E696F6 /* Project object */ = {
			isa = PBXProject;
			attributes = {
				BuildIndependentTargetsInParallel = 1;
				LastSwiftUpdateCheck = 1320;
				LastUpgradeCheck = 1320;
				TargetAttributes = {
					AE050A08277B833C00E696F6 = {
						CreatedOnToolsVersion = 13.2;
					};
				};
			};
			buildConfigurationList = AE050A04277B833C00E696F6 /* Build configuration list for PBXProject "Movies" */;
			compatibilityVersion = "Xcode 12.0";
			developmentRegion = en;
			hasScannedForEncodings = 0;
			knownRegions = (
				en,
				Base,
			);
			mainGroup = AE050A00277B833C00E696F6;
			packageReferences = (
				AEC1E1B7277CC8B90084C4C4 /* XCRemoteSwiftPackageReference "SWXMLHash" */,
				AE66DF2727820BA400384838 /* XCRemoteSwiftPackageReference "Sparkle" */,
			);
			productRefGroup = AE050A0A277B833C00E696F6 /* Products */;
			projectDirPath = "";
			projectRoot = "";
			targets = (
				AE050A08277B833C00E696F6 /* MovieTrailers */,
			);
		};
/* End PBXProject section */

/* Begin PBXResourcesBuildPhase section */
		AE050A07277B833C00E696F6 /* Resources */ = {
			isa = PBXResourcesBuildPhase;
			buildActionMask = 2147483647;
			files = (
				AE050A11277B833D00E696F6 /* Assets.xcassets in Resources */,
				AE050A14277B833D00E696F6 /* Main.storyboard in Resources */,
				AE9DF255277E2D560065A648 /* trailerViewItem.xib in Resources */,
			);
			runOnlyForDeploymentPostprocessing = 0;
		};
/* End PBXResourcesBuildPhase section */

/* Begin PBXSourcesBuildPhase section */
		AE050A05277B833C00E696F6 /* Sources */ = {
			isa = PBXSourcesBuildPhase;
			buildActionMask = 2147483647;
			files = (
				AE9DF24D277E20D50065A648 /* Model.swift in Sources */,
				AE050A0F277B833C00E696F6 /* ViewController.swift in Sources */,
				AE050A1C277B859800E696F6 /* Player.swift in Sources */,
				AE9DF254277E2D560065A648 /* trailerViewItem.swift in Sources */,
				AE050A0D277B833C00E696F6 /* AppDelegate.swift in Sources */,
				AE66DF262781416200384838 /* ClickableLabel.swift in Sources */,
				AEC1E1B6277BACC90084C4C4 /* Trailer.swift in Sources */,
			);
			runOnlyForDeploymentPostprocessing = 0;
		};
/* End PBXSourcesBuildPhase section */

/* Begin PBXVariantGroup section */
		AE050A12277B833D00E696F6 /* Main.storyboard */ = {
			isa = PBXVariantGroup;
			children = (
				AE050A13277B833D00E696F6 /* Base */,
			);
			name = Main.storyboard;
			sourceTree = "<group>";
		};
/* End PBXVariantGroup section */

/* Begin XCBuildConfiguration section */
		AE050A16277B833D00E696F6 /* Debug */ = {
			isa = XCBuildConfiguration;
			buildSettings = {
				ALLOW_TARGET_PLATFORM_SPECIALIZATION = YES;
				ALWAYS_EMBED_SWIFT_STANDARD_LIBRARIES = YES;
				ALWAYS_SEARCH_USER_PATHS = NO;
				CLANG_ANALYZER_NONNULL = YES;
				CLANG_ANALYZER_NUMBER_OBJECT_CONVERSION = YES_AGGRESSIVE;
				CLANG_CXX_LANGUAGE_STANDARD = "gnu++17";
				CLANG_CXX_LIBRARY = "libc++";
				CLANG_ENABLE_MODULES = YES;
				CLANG_ENABLE_OBJC_ARC = YES;
				CLANG_ENABLE_OBJC_WEAK = YES;
				CLANG_WARN_BLOCK_CAPTURE_AUTORELEASING = YES;
				CLANG_WARN_BOOL_CONVERSION = YES;
				CLANG_WARN_COMMA = YES;
				CLANG_WARN_CONSTANT_CONVERSION = YES;
				CLANG_WARN_DEPRECATED_OBJC_IMPLEMENTATIONS = YES;
				CLANG_WARN_DIRECT_OBJC_ISA_USAGE = YES_ERROR;
				CLANG_WARN_DOCUMENTATION_COMMENTS = YES;
				CLANG_WARN_EMPTY_BODY = YES;
				CLANG_WARN_ENUM_CONVERSION = YES;
				CLANG_WARN_INFINITE_RECURSION = YES;
				CLANG_WARN_INT_CONVERSION = YES;
				CLANG_WARN_NON_LITERAL_NULL_CONVERSION = YES;
				CLANG_WARN_OBJC_IMPLICIT_RETAIN_SELF = YES;
				CLANG_WARN_OBJC_LITERAL_CONVERSION = YES;
				CLANG_WARN_OBJC_ROOT_CLASS = YES_ERROR;
				CLANG_WARN_QUOTED_INCLUDE_IN_FRAMEWORK_HEADER = YES;
				CLANG_WARN_RANGE_LOOP_ANALYSIS = YES;
				CLANG_WARN_STRICT_PROTOTYPES = YES;
				CLANG_WARN_SUSPICIOUS_MOVE = YES;
				CLANG_WARN_UNGUARDED_AVAILABILITY = YES_AGGRESSIVE;
				CLANG_WARN_UNREACHABLE_CODE = YES;
				CLANG_WARN__DUPLICATE_METHOD_MATCH = YES;
				COPY_PHASE_STRIP = NO;
				DEBUG_INFORMATION_FORMAT = dwarf;
				ENABLE_STRICT_OBJC_MSGSEND = YES;
				ENABLE_TESTABILITY = YES;
				GCC_C_LANGUAGE_STANDARD = gnu11;
				GCC_DYNAMIC_NO_PIC = NO;
				GCC_NO_COMMON_BLOCKS = YES;
				GCC_OPTIMIZATION_LEVEL = 0;
				GCC_PREPROCESSOR_DEFINITIONS = (
					"DEBUG=1",
					"$(inherited)",
				);
				GCC_WARN_64_TO_32_BIT_CONVERSION = YES;
				GCC_WARN_ABOUT_RETURN_TYPE = YES_ERROR;
				GCC_WARN_UNDECLARED_SELECTOR = YES;
				GCC_WARN_UNINITIALIZED_AUTOS = YES_AGGRESSIVE;
				GCC_WARN_UNUSED_FUNCTION = YES;
				GCC_WARN_UNUSED_VARIABLE = YES;
				MACOSX_DEPLOYMENT_TARGET = 12.0;
				MTL_ENABLE_DEBUG_INFO = INCLUDE_SOURCE;
				MTL_FAST_MATH = YES;
				ONLY_ACTIVE_ARCH = YES;
				SDKROOT = macosx;
				SWIFT_ACTIVE_COMPILATION_CONDITIONS = DEBUG;
				SWIFT_OPTIMIZATION_LEVEL = "-Onone";
			};
			name = Debug;
		};
		AE050A17277B833D00E696F6 /* Release */ = {
			isa = XCBuildConfiguration;
			buildSettings = {
				ALLOW_TARGET_PLATFORM_SPECIALIZATION = YES;
				ALWAYS_EMBED_SWIFT_STANDARD_LIBRARIES = YES;
				ALWAYS_SEARCH_USER_PATHS = NO;
				CLANG_ANALYZER_NONNULL = YES;
				CLANG_ANALYZER_NUMBER_OBJECT_CONVERSION = YES_AGGRESSIVE;
				CLANG_CXX_LANGUAGE_STANDARD = "gnu++17";
				CLANG_CXX_LIBRARY = "libc++";
				CLANG_ENABLE_MODULES = YES;
				CLANG_ENABLE_OBJC_ARC = YES;
				CLANG_ENABLE_OBJC_WEAK = YES;
				CLANG_WARN_BLOCK_CAPTURE_AUTORELEASING = YES;
				CLANG_WARN_BOOL_CONVERSION = YES;
				CLANG_WARN_COMMA = YES;
				CLANG_WARN_CONSTANT_CONVERSION = YES;
				CLANG_WARN_DEPRECATED_OBJC_IMPLEMENTATIONS = YES;
				CLANG_WARN_DIRECT_OBJC_ISA_USAGE = YES_ERROR;
				CLANG_WARN_DOCUMENTATION_COMMENTS = YES;
				CLANG_WARN_EMPTY_BODY = YES;
				CLANG_WARN_ENUM_CONVERSION = YES;
				CLANG_WARN_INFINITE_RECURSION = YES;
				CLANG_WARN_INT_CONVERSION = YES;
				CLANG_WARN_NON_LITERAL_NULL_CONVERSION = YES;
				CLANG_WARN_OBJC_IMPLICIT_RETAIN_SELF = YES;
				CLANG_WARN_OBJC_LITERAL_CONVERSION = YES;
				CLANG_WARN_OBJC_ROOT_CLASS = YES_ERROR;
				CLANG_WARN_QUOTED_INCLUDE_IN_FRAMEWORK_HEADER = YES;
				CLANG_WARN_RANGE_LOOP_ANALYSIS = YES;
				CLANG_WARN_STRICT_PROTOTYPES = YES;
				CLANG_WARN_SUSPICIOUS_MOVE = YES;
				CLANG_WARN_UNGUARDED_AVAILABILITY = YES_AGGRESSIVE;
				CLANG_WARN_UNREACHABLE_CODE = YES;
				CLANG_WARN__DUPLICATE_METHOD_MATCH = YES;
				COPY_PHASE_STRIP = NO;
				DEBUG_INFORMATION_FORMAT = "dwarf-with-dsym";
				ENABLE_NS_ASSERTIONS = NO;
				ENABLE_STRICT_OBJC_MSGSEND = YES;
				GCC_C_LANGUAGE_STANDARD = gnu11;
				GCC_NO_COMMON_BLOCKS = YES;
				GCC_WARN_64_TO_32_BIT_CONVERSION = YES;
				GCC_WARN_ABOUT_RETURN_TYPE = YES_ERROR;
				GCC_WARN_UNDECLARED_SELECTOR = YES;
				GCC_WARN_UNINITIALIZED_AUTOS = YES_AGGRESSIVE;
				GCC_WARN_UNUSED_FUNCTION = YES;
				GCC_WARN_UNUSED_VARIABLE = YES;
				MACOSX_DEPLOYMENT_TARGET = 12.0;
				MTL_ENABLE_DEBUG_INFO = NO;
				MTL_FAST_MATH = YES;
				ONLY_ACTIVE_ARCH = YES;
				SDKROOT = macosx;
				SWIFT_COMPILATION_MODE = wholemodule;
				SWIFT_OPTIMIZATION_LEVEL = "-O";
			};
			name = Release;
		};
		AE050A19277B833D00E696F6 /* Debug */ = {
			isa = XCBuildConfiguration;
			buildSettings = {
				ASSETCATALOG_COMPILER_APPICON_NAME = AppIcon;
				ASSETCATALOG_COMPILER_GLOBAL_ACCENT_COLOR_NAME = AccentColor;
				ASSETCATALOG_COMPILER_INCLUDE_ALL_APPICON_ASSETS = YES;
				CODE_SIGN_ENTITLEMENTS = Movies/Movies.entitlements;
				CODE_SIGN_IDENTITY = "Apple Development";
				CODE_SIGN_STYLE = Automatic;
				COMBINE_HIDPI_IMAGES = YES;
				CURRENT_PROJECT_VERSION = 109;
				DEVELOPMENT_TEAM = ZYF5X8SV2F;
				ENABLE_HARDENED_RUNTIME = YES;
				GENERATE_INFOPLIST_FILE = YES;
				INFOPLIST_FILE = "MovieTrailers-Info.plist";
				INFOPLIST_KEY_NSHumanReadableCopyright = "";
				INFOPLIST_KEY_NSMainStoryboardFile = Main;
				INFOPLIST_KEY_NSPrincipalClass = NSApplication;
				LD_RUNPATH_SEARCH_PATHS = (
					"$(inherited)",
					"@executable_path/../Frameworks",
				);
				MACOSX_DEPLOYMENT_TARGET = 10.15;
				MARKETING_VERSION = 1.0.9;
				PRODUCT_BUNDLE_IDENTIFIER = "Shy-Frog-Productions-LLC.Movies";
				PRODUCT_NAME = "$(TARGET_NAME)";
				PROVISIONING_PROFILE_SPECIFIER = "";
				SWIFT_EMIT_LOC_STRINGS = YES;
				SWIFT_VERSION = 5.0;
			};
			name = Debug;
		};
		AE050A1A277B833D00E696F6 /* Release */ = {
			isa = XCBuildConfiguration;
			buildSettings = {
				ASSETCATALOG_COMPILER_APPICON_NAME = AppIcon;
				ASSETCATALOG_COMPILER_GLOBAL_ACCENT_COLOR_NAME = AccentColor;
				ASSETCATALOG_COMPILER_INCLUDE_ALL_APPICON_ASSETS = YES;
				CODE_SIGN_ENTITLEMENTS = Movies/Movies.entitlements;
				CODE_SIGN_IDENTITY = "Apple Development";
				CODE_SIGN_STYLE = Automatic;
				COMBINE_HIDPI_IMAGES = YES;
				CURRENT_PROJECT_VERSION = 109;
				DEVELOPMENT_TEAM = ZYF5X8SV2F;
				ENABLE_HARDENED_RUNTIME = YES;
				GENERATE_INFOPLIST_FILE = YES;
				INFOPLIST_FILE = "MovieTrailers-Info.plist";
				INFOPLIST_KEY_NSHumanReadableCopyright = "";
				INFOPLIST_KEY_NSMainStoryboardFile = Main;
				INFOPLIST_KEY_NSPrincipalClass = NSApplication;
				LD_RUNPATH_SEARCH_PATHS = (
					"$(inherited)",
					"@executable_path/../Frameworks",
				);
				MACOSX_DEPLOYMENT_TARGET = 10.15;
				MARKETING_VERSION = 1.0.9;
				PRODUCT_BUNDLE_IDENTIFIER = "Shy-Frog-Productions-LLC.Movies";
				PRODUCT_NAME = "$(TARGET_NAME)";
				PROVISIONING_PROFILE_SPECIFIER = "";
				SWIFT_EMIT_LOC_STRINGS = YES;
				SWIFT_VERSION = 5.0;
			};
			name = Release;
		};
/* End XCBuildConfiguration section */

/* Begin XCConfigurationList section */
		AE050A04277B833C00E696F6 /* Build configuration list for PBXProject "Movies" */ = {
			isa = XCConfigurationList;
			buildConfigurations = (
				AE050A16277B833D00E696F6 /* Debug */,
				AE050A17277B833D00E696F6 /* Release */,
			);
			defaultConfigurationIsVisible = 0;
			defaultConfigurationName = Release;
		};
		AE050A18277B833D00E696F6 /* Build configuration list for PBXNativeTarget "MovieTrailers" */ = {
			isa = XCConfigurationList;
			buildConfigurations = (
				AE050A19277B833D00E696F6 /* Debug */,
				AE050A1A277B833D00E696F6 /* Release */,
			);
			defaultConfigurationIsVisible = 0;
			defaultConfigurationName = Release;
		};
/* End XCConfigurationList section */

/* Begin XCRemoteSwiftPackageReference section */
		AE66DF2727820BA400384838 /* XCRemoteSwiftPackageReference "Sparkle" */ = {
			isa = XCRemoteSwiftPackageReference;
			repositoryURL = "https://github.com/sparkle-project/Sparkle";
			requirement = {
				branch = 2.x;
				kind = branch;
			};
		};
		AEC1E1B7277CC8B90084C4C4 /* XCRemoteSwiftPackageReference "SWXMLHash" */ = {
			isa = XCRemoteSwiftPackageReference;
			repositoryURL = "https://github.com/drmohundro/SWXMLHash.git";
			requirement = {
				kind = upToNextMajorVersion;
				minimumVersion = 6.0.0;
			};
		};
/* End XCRemoteSwiftPackageReference section */

/* Begin XCSwiftPackageProductDependency section */
		AE66DF2827820BA400384838 /* Sparkle */ = {
			isa = XCSwiftPackageProductDependency;
			package = AE66DF2727820BA400384838 /* XCRemoteSwiftPackageReference "Sparkle" */;
			productName = Sparkle;
		};
		AEC1E1B8277CC8B90084C4C4 /* SWXMLHash */ = {
			isa = XCSwiftPackageProductDependency;
			package = AEC1E1B7277CC8B90084C4C4 /* XCRemoteSwiftPackageReference "SWXMLHash" */;
			productName = SWXMLHash;
		};
/* End XCSwiftPackageProductDependency section */
	};
	rootObject = AE050A01277B833C00E696F6 /* Project object */;
}
